// !$*UTF8*$!
{
	archiveVersion = 1;
	classes = {
	};
	objectVersion = 56;
	objects = {

/* Begin PBXBuildFile section */
		CB202C6229A486DF00FBEA55 /* RegisterView.swift in Sources */ = {isa = PBXBuildFile; fileRef = CB202C6129A486DF00FBEA55 /* RegisterView.swift */; };
		CB202C6529A4874400FBEA55 /* View+Extensions.swift in Sources */ = {isa = PBXBuildFile; fileRef = CB202C6429A4874400FBEA55 /* View+Extensions.swift */; };
		CB202C6729A487CC00FBEA55 /* MainView.swift in Sources */ = {isa = PBXBuildFile; fileRef = CB202C6629A487CC00FBEA55 /* MainView.swift */; };
		CB202C6929A4896500FBEA55 /* ProfileView.swift in Sources */ = {isa = PBXBuildFile; fileRef = CB202C6829A4896500FBEA55 /* ProfileView.swift */; };
		CB202C6B29A4906500FBEA55 /* ReusableProfileContent.swift in Sources */ = {isa = PBXBuildFile; fileRef = CB202C6A29A4906500FBEA55 /* ReusableProfileContent.swift */; };
		CB202C6E29A4B3D000FBEA55 /* SDWebImageSwiftUI in Frameworks */ = {isa = PBXBuildFile; productRef = CB202C6D29A4B3D000FBEA55 /* SDWebImageSwiftUI */; };
		CB202C7029A4BEE600FBEA55 /* CreateNewPost.swift in Sources */ = {isa = PBXBuildFile; fileRef = CB202C6F29A4BEE600FBEA55 /* CreateNewPost.swift */; };
		CB202C7229A4BEF600FBEA55 /* Post.swift in Sources */ = {isa = PBXBuildFile; fileRef = CB202C7129A4BEF600FBEA55 /* Post.swift */; };
		CB202C7429A4D71300FBEA55 /* PostView.swift in Sources */ = {isa = PBXBuildFile; fileRef = CB202C7329A4D71300FBEA55 /* PostView.swift */; };
		CBAC08E829A338420076A411 /* CostargramApp.swift in Sources */ = {isa = PBXBuildFile; fileRef = CBAC08E729A338420076A411 /* CostargramApp.swift */; };
		CBAC08EA29A338420076A411 /* ContentView.swift in Sources */ = {isa = PBXBuildFile; fileRef = CBAC08E929A338420076A411 /* ContentView.swift */; };
		CBAC08EC29A338430076A411 /* Assets.xcassets in Resources */ = {isa = PBXBuildFile; fileRef = CBAC08EB29A338430076A411 /* Assets.xcassets */; };
		CBAC08EF29A338430076A411 /* Preview Assets.xcassets in Resources */ = {isa = PBXBuildFile; fileRef = CBAC08EE29A338430076A411 /* Preview Assets.xcassets */; };
		CBAC08F929A342390076A411 /* FirebaseAuth in Frameworks */ = {isa = PBXBuildFile; productRef = CBAC08F829A342390076A411 /* FirebaseAuth */; };
		CBAC08FD29A3427C0076A411 /* LoginView.swift in Sources */ = {isa = PBXBuildFile; fileRef = CBAC08FC29A3427C0076A411 /* LoginView.swift */; };
		CBAC090029A3D4830076A411 /* FirebaseFirestore in Frameworks */ = {isa = PBXBuildFile; productRef = CBAC08FF29A3D4830076A411 /* FirebaseFirestore */; };
		CBAC090229A3D4830076A411 /* FirebaseFirestoreSwift in Frameworks */ = {isa = PBXBuildFile; productRef = CBAC090129A3D4830076A411 /* FirebaseFirestoreSwift */; };
		CBAC090429A3D4830076A411 /* FirebaseStorage in Frameworks */ = {isa = PBXBuildFile; productRef = CBAC090329A3D4830076A411 /* FirebaseStorage */; };
		CBAC090629A3EF7D0076A411 /* User.swift in Sources */ = {isa = PBXBuildFile; fileRef = CBAC090529A3EF7D0076A411 /* User.swift */; };
		CBAC090829A3F60F0076A411 /* GoogleService-Info.plist in Resources */ = {isa = PBXBuildFile; fileRef = CBAC090729A3F60F0076A411 /* GoogleService-Info.plist */; };
		CBAC090A29A3F9760076A411 /* LoadingView.swift in Sources */ = {isa = PBXBuildFile; fileRef = CBAC090929A3F9760076A411 /* LoadingView.swift */; };
/* End PBXBuildFile section */

/* Begin PBXFileReference section */
		CB202C6129A486DF00FBEA55 /* RegisterView.swift */ = {isa = PBXFileReference; lastKnownFileType = sourcecode.swift; path = RegisterView.swift; sourceTree = "<group>"; };
		CB202C6429A4874400FBEA55 /* View+Extensions.swift */ = {isa = PBXFileReference; lastKnownFileType = sourcecode.swift; path = "View+Extensions.swift"; sourceTree = "<group>"; };
		CB202C6629A487CC00FBEA55 /* MainView.swift */ = {isa = PBXFileReference; lastKnownFileType = sourcecode.swift; path = MainView.swift; sourceTree = "<group>"; };
		CB202C6829A4896500FBEA55 /* ProfileView.swift */ = {isa = PBXFileReference; lastKnownFileType = sourcecode.swift; path = ProfileView.swift; sourceTree = "<group>"; };
		CB202C6A29A4906500FBEA55 /* ReusableProfileContent.swift */ = {isa = PBXFileReference; lastKnownFileType = sourcecode.swift; path = ReusableProfileContent.swift; sourceTree = "<group>"; };
		CB202C6F29A4BEE600FBEA55 /* CreateNewPost.swift */ = {isa = PBXFileReference; lastKnownFileType = sourcecode.swift; path = CreateNewPost.swift; sourceTree = "<group>"; };
		CB202C7129A4BEF600FBEA55 /* Post.swift */ = {isa = PBXFileReference; lastKnownFileType = sourcecode.swift; path = Post.swift; sourceTree = "<group>"; };
		CB202C7329A4D71300FBEA55 /* PostView.swift */ = {isa = PBXFileReference; lastKnownFileType = sourcecode.swift; path = PostView.swift; sourceTree = "<group>"; };
		CBAC08E429A338420076A411 /* Costargram.app */ = {isa = PBXFileReference; explicitFileType = wrapper.application; includeInIndex = 0; path = Costargram.app; sourceTree = BUILT_PRODUCTS_DIR; };
		CBAC08E729A338420076A411 /* CostargramApp.swift */ = {isa = PBXFileReference; lastKnownFileType = sourcecode.swift; path = CostargramApp.swift; sourceTree = "<group>"; };
		CBAC08E929A338420076A411 /* ContentView.swift */ = {isa = PBXFileReference; lastKnownFileType = sourcecode.swift; path = ContentView.swift; sourceTree = "<group>"; };
		CBAC08EB29A338430076A411 /* Assets.xcassets */ = {isa = PBXFileReference; lastKnownFileType = folder.assetcatalog; path = Assets.xcassets; sourceTree = "<group>"; };
		CBAC08EE29A338430076A411 /* Preview Assets.xcassets */ = {isa = PBXFileReference; lastKnownFileType = folder.assetcatalog; path = "Preview Assets.xcassets"; sourceTree = "<group>"; };
		CBAC08FC29A3427C0076A411 /* LoginView.swift */ = {isa = PBXFileReference; lastKnownFileType = sourcecode.swift; path = LoginView.swift; sourceTree = "<group>"; };
		CBAC090529A3EF7D0076A411 /* User.swift */ = {isa = PBXFileReference; lastKnownFileType = sourcecode.swift; path = User.swift; sourceTree = "<group>"; };
		CBAC090729A3F60F0076A411 /* GoogleService-Info.plist */ = {isa = PBXFileReference; fileEncoding = 4; lastKnownFileType = text.plist.xml; path = "GoogleService-Info.plist"; sourceTree = "<group>"; };
		CBAC090929A3F9760076A411 /* LoadingView.swift */ = {isa = PBXFileReference; lastKnownFileType = sourcecode.swift; path = LoadingView.swift; sourceTree = "<group>"; };
/* End PBXFileReference section */

/* Begin PBXFrameworksBuildPhase section */
		CBAC08E129A338410076A411 /* Frameworks */ = {
			isa = PBXFrameworksBuildPhase;
			buildActionMask = 2147483647;
			files = (
				CB202C6E29A4B3D000FBEA55 /* SDWebImageSwiftUI in Frameworks */,
				CBAC08F929A342390076A411 /* FirebaseAuth in Frameworks */,
				CBAC090429A3D4830076A411 /* FirebaseStorage in Frameworks */,
				CBAC090029A3D4830076A411 /* FirebaseFirestore in Frameworks */,
				CBAC090229A3D4830076A411 /* FirebaseFirestoreSwift in Frameworks */,
			);
			runOnlyForDeploymentPostprocessing = 0;
		};
/* End PBXFrameworksBuildPhase section */

/* Begin PBXGroup section */
		CB202C5F29A486C500FBEA55 /* Login */ = {
			isa = PBXGroup;
			children = (
				CBAC08FC29A3427C0076A411 /* LoginView.swift */,
				CB202C6129A486DF00FBEA55 /* RegisterView.swift */,
			);
			path = Login;
			sourceTree = "<group>";
		};
		CB202C6029A486CA00FBEA55 /* Main */ = {
			isa = PBXGroup;
			children = (
				CB202C6629A487CC00FBEA55 /* MainView.swift */,
				CB202C6829A4896500FBEA55 /* ProfileView.swift */,
				CB202C6A29A4906500FBEA55 /* ReusableProfileContent.swift */,
				CB202C6F29A4BEE600FBEA55 /* CreateNewPost.swift */,
				CB202C7329A4D71300FBEA55 /* PostView.swift */,
			);
			path = Main;
			sourceTree = "<group>";
		};
		CB202C6329A4872600FBEA55 /* Helpers */ = {
			isa = PBXGroup;
			children = (
				CB202C6429A4874400FBEA55 /* View+Extensions.swift */,
			);
			path = Helpers;
			sourceTree = "<group>";
		};
		CBAC08DB29A338410076A411 = {
			isa = PBXGroup;
			children = (
				CBAC08E629A338420076A411 /* Costargram */,
				CBAC08E529A338420076A411 /* Products */,
				CBAC08FE29A3D4830076A411 /* Frameworks */,
			);
			sourceTree = "<group>";
		};
		CBAC08E529A338420076A411 /* Products */ = {
			isa = PBXGroup;
			children = (
				CBAC08E429A338420076A411 /* Costargram.app */,
			);
			name = Products;
			sourceTree = "<group>";
		};
		CBAC08E629A338420076A411 /* Costargram */ = {
			isa = PBXGroup;
			children = (
				CBAC08FB29A3425D0076A411 /* Model */,
				CBAC08FA29A342570076A411 /* View */,
				CBAC08E729A338420076A411 /* CostargramApp.swift */,
				CBAC08E929A338420076A411 /* ContentView.swift */,
				CBAC090729A3F60F0076A411 /* GoogleService-Info.plist */,
				CBAC08EB29A338430076A411 /* Assets.xcassets */,
				CBAC08ED29A338430076A411 /* Preview Content */,
			);
			path = Costargram;
			sourceTree = "<group>";
		};
		CBAC08ED29A338430076A411 /* Preview Content */ = {
			isa = PBXGroup;
			children = (
				CBAC08EE29A338430076A411 /* Preview Assets.xcassets */,
			);
			path = "Preview Content";
			sourceTree = "<group>";
		};
		CBAC08FA29A342570076A411 /* View */ = {
			isa = PBXGroup;
			children = (
				CB202C6329A4872600FBEA55 /* Helpers */,
				CB202C6029A486CA00FBEA55 /* Main */,
				CB202C5F29A486C500FBEA55 /* Login */,
				CBAC090929A3F9760076A411 /* LoadingView.swift */,
			);
			path = View;
			sourceTree = "<group>";
		};
		CBAC08FB29A3425D0076A411 /* Model */ = {
			isa = PBXGroup;
			children = (
				CBAC090529A3EF7D0076A411 /* User.swift */,
				CB202C7129A4BEF600FBEA55 /* Post.swift */,
			);
			path = Model;
			sourceTree = "<group>";
		};
		CBAC08FE29A3D4830076A411 /* Frameworks */ = {
			isa = PBXGroup;
			children = (
			);
			name = Frameworks;
			sourceTree = "<group>";
		};
/* End PBXGroup section */

/* Begin PBXNativeTarget section */
		CBAC08E329A338410076A411 /* Costargram */ = {
			isa = PBXNativeTarget;
			buildConfigurationList = CBAC08F229A338430076A411 /* Build configuration list for PBXNativeTarget "Costargram" */;
			buildPhases = (
				CBAC08E029A338410076A411 /* Sources */,
				CBAC08E129A338410076A411 /* Frameworks */,
				CBAC08E229A338410076A411 /* Resources */,
			);
			buildRules = (
			);
			dependencies = (
			);
			name = Costargram;
			packageProductDependencies = (
				CBAC08F829A342390076A411 /* FirebaseAuth */,
				CBAC08FF29A3D4830076A411 /* FirebaseFirestore */,
				CBAC090129A3D4830076A411 /* FirebaseFirestoreSwift */,
				CBAC090329A3D4830076A411 /* FirebaseStorage */,
				CB202C6D29A4B3D000FBEA55 /* SDWebImageSwiftUI */,
			);
			productName = Costargram;
			productReference = CBAC08E429A338420076A411 /* Costargram.app */;
			productType = "com.apple.product-type.application";
		};
/* End PBXNativeTarget section */

/* Begin PBXProject section */
		CBAC08DC29A338410076A411 /* Project object */ = {
			isa = PBXProject;
			attributes = {
				BuildIndependentTargetsInParallel = 1;
				LastSwiftUpdateCheck = 1420;
				LastUpgradeCheck = 1420;
				TargetAttributes = {
					CBAC08E329A338410076A411 = {
						CreatedOnToolsVersion = 14.2;
					};
				};
			};
			buildConfigurationList = CBAC08DF29A338410076A411 /* Build configuration list for PBXProject "Costargram" */;
			compatibilityVersion = "Xcode 14.0";
			developmentRegion = en;
			hasScannedForEncodings = 0;
			knownRegions = (
				en,
				Base,
			);
			mainGroup = CBAC08DB29A338410076A411;
			packageReferences = (
				CBAC08F729A342390076A411 /* XCRemoteSwiftPackageReference "firebase-ios-sdk" */,
				CB202C6C29A4B3D000FBEA55 /* XCRemoteSwiftPackageReference "SDWebImageSwiftUI" */,
			);
			productRefGroup = CBAC08E529A338420076A411 /* Products */;
			projectDirPath = "";
			projectRoot = "";
			targets = (
				CBAC08E329A338410076A411 /* Costargram */,
			);
		};
/* End PBXProject section */

/* Begin PBXResourcesBuildPhase section */
		CBAC08E229A338410076A411 /* Resources */ = {
			isa = PBXResourcesBuildPhase;
			buildActionMask = 2147483647;
			files = (
				CBAC08EF29A338430076A411 /* Preview Assets.xcassets in Resources */,
				CBAC08EC29A338430076A411 /* Assets.xcassets in Resources */,
				CBAC090829A3F60F0076A411 /* GoogleService-Info.plist in Resources */,
			);
			runOnlyForDeploymentPostprocessing = 0;
		};
/* End PBXResourcesBuildPhase section */

/* Begin PBXSourcesBuildPhase section */
		CBAC08E029A338410076A411 /* Sources */ = {
			isa = PBXSourcesBuildPhase;
			buildActionMask = 2147483647;
			files = (
				CBAC090629A3EF7D0076A411 /* User.swift in Sources */,
				CB202C6929A4896500FBEA55 /* ProfileView.swift in Sources */,
				CB202C6B29A4906500FBEA55 /* ReusableProfileContent.swift in Sources */,
				CB202C7229A4BEF600FBEA55 /* Post.swift in Sources */,
				CB202C6729A487CC00FBEA55 /* MainView.swift in Sources */,
				CBAC08FD29A3427C0076A411 /* LoginView.swift in Sources */,
				CBAC08EA29A338420076A411 /* ContentView.swift in Sources */,
				CB202C6229A486DF00FBEA55 /* RegisterView.swift in Sources */,
				CB202C7029A4BEE600FBEA55 /* CreateNewPost.swift in Sources */,
				CBAC090A29A3F9760076A411 /* LoadingView.swift in Sources */,
				CB202C6529A4874400FBEA55 /* View+Extensions.swift in Sources */,
				CB202C7429A4D71300FBEA55 /* PostView.swift in Sources */,
				CBAC08E829A338420076A411 /* CostargramApp.swift in Sources */,
			);
			runOnlyForDeploymentPostprocessing = 0;
		};
/* End PBXSourcesBuildPhase section */

/* Begin XCBuildConfiguration section */
		CBAC08F029A338430076A411 /* Debug */ = {
			isa = XCBuildConfiguration;
			buildSettings = {
				ALWAYS_SEARCH_USER_PATHS = NO;
				CLANG_ANALYZER_NONNULL = YES;
				CLANG_ANALYZER_NUMBER_OBJECT_CONVERSION = YES_AGGRESSIVE;
				CLANG_CXX_LANGUAGE_STANDARD = "gnu++20";
				CLANG_ENABLE_MODULES = YES;
				CLANG_ENABLE_OBJC_ARC = YES;
				CLANG_ENABLE_OBJC_WEAK = YES;
				CLANG_WARN_BLOCK_CAPTURE_AUTORELEASING = YES;
				CLANG_WARN_BOOL_CONVERSION = YES;
				CLANG_WARN_COMMA = YES;
				CLANG_WARN_CONSTANT_CONVERSION = YES;
				CLANG_WARN_DEPRECATED_OBJC_IMPLEMENTATIONS = YES;
				CLANG_WARN_DIRECT_OBJC_ISA_USAGE = YES_ERROR;
				CLANG_WARN_DOCUMENTATION_COMMENTS = YES;
				CLANG_WARN_EMPTY_BODY = YES;
				CLANG_WARN_ENUM_CONVERSION = YES;
				CLANG_WARN_INFINITE_RECURSION = YES;
				CLANG_WARN_INT_CONVERSION = YES;
				CLANG_WARN_NON_LITERAL_NULL_CONVERSION = YES;
				CLANG_WARN_OBJC_IMPLICIT_RETAIN_SELF = YES;
				CLANG_WARN_OBJC_LITERAL_CONVERSION = YES;
				CLANG_WARN_OBJC_ROOT_CLASS = YES_ERROR;
				CLANG_WARN_QUOTED_INCLUDE_IN_FRAMEWORK_HEADER = YES;
				CLANG_WARN_RANGE_LOOP_ANALYSIS = YES;
				CLANG_WARN_STRICT_PROTOTYPES = YES;
				CLANG_WARN_SUSPICIOUS_MOVE = YES;
				CLANG_WARN_UNGUARDED_AVAILABILITY = YES_AGGRESSIVE;
				CLANG_WARN_UNREACHABLE_CODE = YES;
				CLANG_WARN__DUPLICATE_METHOD_MATCH = YES;
				COPY_PHASE_STRIP = NO;
				DEBUG_INFORMATION_FORMAT = dwarf;
				ENABLE_STRICT_OBJC_MSGSEND = YES;
				ENABLE_TESTABILITY = YES;
				GCC_C_LANGUAGE_STANDARD = gnu11;
				GCC_DYNAMIC_NO_PIC = NO;
				GCC_NO_COMMON_BLOCKS = YES;
				GCC_OPTIMIZATION_LEVEL = 0;
				GCC_PREPROCESSOR_DEFINITIONS = (
					"DEBUG=1",
					"$(inherited)",
				);
				GCC_WARN_64_TO_32_BIT_CONVERSION = YES;
				GCC_WARN_ABOUT_RETURN_TYPE = YES_ERROR;
				GCC_WARN_UNDECLARED_SELECTOR = YES;
				GCC_WARN_UNINITIALIZED_AUTOS = YES_AGGRESSIVE;
				GCC_WARN_UNUSED_FUNCTION = YES;
				GCC_WARN_UNUSED_VARIABLE = YES;
				IPHONEOS_DEPLOYMENT_TARGET = 16.2;
				MTL_ENABLE_DEBUG_INFO = INCLUDE_SOURCE;
				MTL_FAST_MATH = YES;
				ONLY_ACTIVE_ARCH = YES;
				SDKROOT = iphoneos;
				SWIFT_ACTIVE_COMPILATION_CONDITIONS = DEBUG;
				SWIFT_OPTIMIZATION_LEVEL = "-Onone";
			};
			name = Debug;
		};
		CBAC08F129A338430076A411 /* Release */ = {
			isa = XCBuildConfiguration;
			buildSettings = {
				ALWAYS_SEARCH_USER_PATHS = NO;
				CLANG_ANALYZER_NONNULL = YES;
				CLANG_ANALYZER_NUMBER_OBJECT_CONVERSION = YES_AGGRESSIVE;
				CLANG_CXX_LANGUAGE_STANDARD = "gnu++20";
				CLANG_ENABLE_MODULES = YES;
				CLANG_ENABLE_OBJC_ARC = YES;
				CLANG_ENABLE_OBJC_WEAK = YES;
				CLANG_WARN_BLOCK_CAPTURE_AUTORELEASING = YES;
				CLANG_WARN_BOOL_CONVERSION = YES;
				CLANG_WARN_COMMA = YES;
				CLANG_WARN_CONSTANT_CONVERSION = YES;
				CLANG_WARN_DEPRECATED_OBJC_IMPLEMENTATIONS = YES;
				CLANG_WARN_DIRECT_OBJC_ISA_USAGE = YES_ERROR;
				CLANG_WARN_DOCUMENTATION_COMMENTS = YES;
				CLANG_WARN_EMPTY_BODY = YES;
				CLANG_WARN_ENUM_CONVERSION = YES;
				CLANG_WARN_INFINITE_RECURSION = YES;
				CLANG_WARN_INT_CONVERSION = YES;
				CLANG_WARN_NON_LITERAL_NULL_CONVERSION = YES;
				CLANG_WARN_OBJC_IMPLICIT_RETAIN_SELF = YES;
				CLANG_WARN_OBJC_LITERAL_CONVERSION = YES;
				CLANG_WARN_OBJC_ROOT_CLASS = YES_ERROR;
				CLANG_WARN_QUOTED_INCLUDE_IN_FRAMEWORK_HEADER = YES;
				CLANG_WARN_RANGE_LOOP_ANALYSIS = YES;
				CLANG_WARN_STRICT_PROTOTYPES = YES;
				CLANG_WARN_SUSPICIOUS_MOVE = YES;
				CLANG_WARN_UNGUARDED_AVAILABILITY = YES_AGGRESSIVE;
				CLANG_WARN_UNREACHABLE_CODE = YES;
				CLANG_WARN__DUPLICATE_METHOD_MATCH = YES;
				COPY_PHASE_STRIP = NO;
				DEBUG_INFORMATION_FORMAT = "dwarf-with-dsym";
				ENABLE_NS_ASSERTIONS = NO;
				ENABLE_STRICT_OBJC_MSGSEND = YES;
				GCC_C_LANGUAGE_STANDARD = gnu11;
				GCC_NO_COMMON_BLOCKS = YES;
				GCC_WARN_64_TO_32_BIT_CONVERSION = YES;
				GCC_WARN_ABOUT_RETURN_TYPE = YES_ERROR;
				GCC_WARN_UNDECLARED_SELECTOR = YES;
				GCC_WARN_UNINITIALIZED_AUTOS = YES_AGGRESSIVE;
				GCC_WARN_UNUSED_FUNCTION = YES;
				GCC_WARN_UNUSED_VARIABLE = YES;
				IPHONEOS_DEPLOYMENT_TARGET = 16.2;
				MTL_ENABLE_DEBUG_INFO = NO;
				MTL_FAST_MATH = YES;
				SDKROOT = iphoneos;
				SWIFT_COMPILATION_MODE = wholemodule;
				SWIFT_OPTIMIZATION_LEVEL = "-O";
				VALIDATE_PRODUCT = YES;
			};
			name = Release;
		};
		CBAC08F329A338430076A411 /* Debug */ = {
			isa = XCBuildConfiguration;
			buildSettings = {
				ASSETCATALOG_COMPILER_APPICON_NAME = AppIcon;
				ASSETCATALOG_COMPILER_GLOBAL_ACCENT_COLOR_NAME = AccentColor;
				CODE_SIGN_STYLE = Automatic;
				CURRENT_PROJECT_VERSION = 1;
				DEVELOPMENT_ASSET_PATHS = "\"Costargram/Preview Content\"";
				DEVELOPMENT_TEAM = 3Y8YH8GWMM;
				ENABLE_PREVIEWS = YES;
				GENERATE_INFOPLIST_FILE = YES;
				INFOPLIST_KEY_UIApplicationSceneManifest_Generation = YES;
				INFOPLIST_KEY_UIApplicationSupportsIndirectInputEvents = YES;
				INFOPLIST_KEY_UILaunchScreen_Generation = YES;
				INFOPLIST_KEY_UISupportedInterfaceOrientations_iPad = "UIInterfaceOrientationPortrait UIInterfaceOrientationPortraitUpsideDown UIInterfaceOrientationLandscapeLeft UIInterfaceOrientationLandscapeRight";
				INFOPLIST_KEY_UISupportedInterfaceOrientations_iPhone = "UIInterfaceOrientationPortrait UIInterfaceOrientationLandscapeLeft UIInterfaceOrientationLandscapeRight";
				LD_RUNPATH_SEARCH_PATHS = (
					"$(inherited)",
					"@executable_path/Frameworks",
				);
				MARKETING_VERSION = 1.0;
				PRODUCT_BUNDLE_IDENTIFIER = coby.Costargram;
				PRODUCT_NAME = "$(TARGET_NAME)";
				SWIFT_EMIT_LOC_STRINGS = YES;
				SWIFT_VERSION = 5.0;
				TARGETED_DEVICE_FAMILY = "1,2";
			};
			name = Debug;
		};
		CBAC08F429A338430076A411 /* Release */ = {
			isa = XCBuildConfiguration;
			buildSettings = {
				ASSETCATALOG_COMPILER_APPICON_NAME = AppIcon;
				ASSETCATALOG_COMPILER_GLOBAL_ACCENT_COLOR_NAME = AccentColor;
				CODE_SIGN_STYLE = Automatic;
				CURRENT_PROJECT_VERSION = 1;
				DEVELOPMENT_ASSET_PATHS = "\"Costargram/Preview Content\"";
				DEVELOPMENT_TEAM = 3Y8YH8GWMM;
				ENABLE_PREVIEWS = YES;
				GENERATE_INFOPLIST_FILE = YES;
				INFOPLIST_KEY_UIApplicationSceneManifest_Generation = YES;
				INFOPLIST_KEY_UIApplicationSupportsIndirectInputEvents = YES;
				INFOPLIST_KEY_UILaunchScreen_Generation = YES;
				INFOPLIST_KEY_UISupportedInterfaceOrientations_iPad = "UIInterfaceOrientationPortrait UIInterfaceOrientationPortraitUpsideDown UIInterfaceOrientationLandscapeLeft UIInterfaceOrientationLandscapeRight";
				INFOPLIST_KEY_UISupportedInterfaceOrientations_iPhone = "UIInterfaceOrientationPortrait UIInterfaceOrientationLandscapeLeft UIInterfaceOrientationLandscapeRight";
				LD_RUNPATH_SEARCH_PATHS = (
					"$(inherited)",
					"@executable_path/Frameworks",
				);
				MARKETING_VERSION = 1.0;
				PRODUCT_BUNDLE_IDENTIFIER = coby.Costargram;
				PRODUCT_NAME = "$(TARGET_NAME)";
				SWIFT_EMIT_LOC_STRINGS = YES;
				SWIFT_VERSION = 5.0;
				TARGETED_DEVICE_FAMILY = "1,2";
			};
			name = Release;
		};
/* End XCBuildConfiguration section */

/* Begin XCConfigurationList section */
		CBAC08DF29A338410076A411 /* Build configuration list for PBXProject "Costargram" */ = {
			isa = XCConfigurationList;
			buildConfigurations = (
				CBAC08F029A338430076A411 /* Debug */,
				CBAC08F129A338430076A411 /* Release */,
			);
			defaultConfigurationIsVisible = 0;
			defaultConfigurationName = Release;
		};
		CBAC08F229A338430076A411 /* Build configuration list for PBXNativeTarget "Costargram" */ = {
			isa = XCConfigurationList;
			buildConfigurations = (
				CBAC08F329A338430076A411 /* Debug */,
				CBAC08F429A338430076A411 /* Release */,
			);
			defaultConfigurationIsVisible = 0;
			defaultConfigurationName = Release;
		};
/* End XCConfigurationList section */

/* Begin XCRemoteSwiftPackageReference section */
		CB202C6C29A4B3D000FBEA55 /* XCRemoteSwiftPackageReference "SDWebImageSwiftUI" */ = {
			isa = XCRemoteSwiftPackageReference;
			repositoryURL = "https://github.com/SDWebImage/SDWebImageSwiftUI.git";
			requirement = {
				kind = upToNextMajorVersion;
				minimumVersion = 2.0.0;
			};
		};
		CBAC08F729A342390076A411 /* XCRemoteSwiftPackageReference "firebase-ios-sdk" */ = {
			isa = XCRemoteSwiftPackageReference;
			repositoryURL = "https://github.com/firebase/firebase-ios-sdk";
			requirement = {
				kind = upToNextMajorVersion;
				minimumVersion = 9.0.0;
			};
		};
/* End XCRemoteSwiftPackageReference section */

/* Begin XCSwiftPackageProductDependency section */
		CB202C6D29A4B3D000FBEA55 /* SDWebImageSwiftUI */ = {
			isa = XCSwiftPackageProductDependency;
			package = CB202C6C29A4B3D000FBEA55 /* XCRemoteSwiftPackageReference "SDWebImageSwiftUI" */;
			productName = SDWebImageSwiftUI;
		};
		CBAC08F829A342390076A411 /* FirebaseAuth */ = {
			isa = XCSwiftPackageProductDependency;
			package = CBAC08F729A342390076A411 /* XCRemoteSwiftPackageReference "firebase-ios-sdk" */;
			productName = FirebaseAuth;
		};
		CBAC08FF29A3D4830076A411 /* FirebaseFirestore */ = {
			isa = XCSwiftPackageProductDependency;
			package = CBAC08F729A342390076A411 /* XCRemoteSwiftPackageReference "firebase-ios-sdk" */;
			productName = FirebaseFirestore;
		};
		CBAC090129A3D4830076A411 /* FirebaseFirestoreSwift */ = {
			isa = XCSwiftPackageProductDependency;
			package = CBAC08F729A342390076A411 /* XCRemoteSwiftPackageReference "firebase-ios-sdk" */;
			productName = FirebaseFirestoreSwift;
		};
		CBAC090329A3D4830076A411 /* FirebaseStorage */ = {
			isa = XCSwiftPackageProductDependency;
			package = CBAC08F729A342390076A411 /* XCRemoteSwiftPackageReference "firebase-ios-sdk" */;
			productName = FirebaseStorage;
		};
/* End XCSwiftPackageProductDependency section */
	};
	rootObject = CBAC08DC29A338410076A411 /* Project object */;
}
